
Microsoft Visual Studio Solution File, Format Version 12.00
# Visual Studio Version 16
VisualStudioVersion = 16.0.30114.105
MinimumVisualStudioVersion = 10.0.40219.1
Project("{FAE04EC0-301F-11D3-BF4B-00C04F79EFBC}") = "QRCodeScanner", "QRCodeScanner\QRCodeScanner.csproj", "{792CBB16-1DA6-48DD-B4D3-FBC9ED43A1CE}"
EndProject
Global
	GlobalSection(SolutionConfigurationPlatforms) = preSolution
		Debug|Any CPU = Debug|Any CPU
		Debug|x64 = Debug|x64
		Debug|x86 = Debug|x86
		Release|Any CPU = Release|Any CPU
		Release|x64 = Release|x64
		Release|x86 = Release|x86
	EndGlobalSection
	GlobalSection(ProjectConfigurationPlatforms) = postSolution
		{792CBB16-1DA6-48DD-B4D3-FBC9ED43A1CE}.Debug|Any CPU.ActiveCfg = Debug|Any CPU
		{792CBB16-1DA6-48DD-B4D3-FBC9ED43A1CE}.Debug|Any CPU.Build.0 = Debug|Any CPU
		{792CBB16-1DA6-48DD-B4D3-FBC9ED43A1CE}.Debug|x64.ActiveCfg = Debug|Any CPU
		{792CBB16-1DA6-48DD-B4D3-FBC9ED43A1CE}.Debug|x64.Build.0 = Debug|Any CPU
		{792CBB16-1DA6-48DD-B4D3-FBC9ED43A1CE}.Debug|x86.ActiveCfg = Debug|Any CPU
		{792CBB16-1DA6-48DD-B4D3-FBC9ED43A1CE}.Debug|x86.Build.0 = Debug|Any CPU
		{792CBB16-1DA6-48DD-B4D3-FBC9ED43A1CE}.Release|Any CPU.ActiveCfg = Release|Any CPU
		{792CBB16-1DA6-48DD-B4D3-FBC9ED43A1CE}.Release|Any CPU.Build.0 = Release|Any CPU
		{792CBB16-1DA6-48DD-B4D3-FBC9ED43A1CE}.Release|x64.ActiveCfg = Release|Any CPU
		{792CBB16-1DA6-48DD-B4D3-FBC9ED43A1CE}.Release|x64.Build.0 = Release|Any CPU
		{792CBB16-1DA6-48DD-B4D3-FBC9ED43A1CE}.Release|x86.ActiveCfg = Release|Any CPU
		{792CBB16-1DA6-48DD-B4D3-FBC9ED43A1CE}.Release|x86.Build.0 = Release|Any CPU
	EndGlobalSection
	GlobalSection(SolutionProperties) = preSolution
		HideSolutionNode = FALSE
	EndGlobalSection
	GlobalSection(ExtensibilityGlobals) = postSolution
		SolutionGuid = {A07D8877-1BA4-458B-B5B0-F2173CCB8024}
	EndGlobalSection
EndGlobal
